
Microsoft Visual Studio Solution File, Format Version 12.00
# Visual Studio Version 17
VisualStudioVersion = 17.6.33815.320
MinimumVisualStudioVersion = 10.0.40219.1
Project("{8BC9CEB8-8B4A-11D0-8D11-00A0C91BC942}") = "DialogBox", "DialogBox\DialogBox.vcxproj", "{0714323F-AC9A-452A-BA5D-B3E97F493221}"
EndProject
Project("{8BC9CEB8-8B4A-11D0-8D11-00A0C91BC942}") = "ComboBox", "ComboBox\ComboBox.vcxproj", "{40B44338-F6BB-4CC7-81E5-F712C7148175}"
EndProject
Project("{8BC9CEB8-8B4A-11D0-8D11-00A0C91BC942}") = "ListBox", "ListBox\ListBox.vcxproj", "{EE64B242-A6AA-4ECB-AA5B-6A891FF44F53}"
EndProject
Project("{8BC9CEB8-8B4A-11D0-8D11-00A0C91BC942}") = "MainWindow", "MainWindow\MainWindow.vcxproj", "{321E5578-63D0-486C-AD52-99E1FD9177FB}"
EndProject
Project("{8BC9CEB8-8B4A-11D0-8D11-00A0C91BC942}") = "Calc", "Calc\Calc.vcxproj", "{F566D731-802E-4B4F-AA7F-6586674C3CDD}"
EndProject
Project("{8BC9CEB8-8B4A-11D0-8D11-00A0C91BC942}") = "Calc2", "Calc2\Calc2.vcxproj", "{14FE15FE-A359-4C3F-B74B-494A4B50E9A9}"
EndProject
Global
	GlobalSection(SolutionConfigurationPlatforms) = preSolution
		Debug|x64 = Debug|x64
		Debug|x86 = Debug|x86
		Release|x64 = Release|x64
		Release|x86 = Release|x86
	EndGlobalSection
	GlobalSection(ProjectConfigurationPlatforms) = postSolution
		{0714323F-AC9A-452A-BA5D-B3E97F493221}.Debug|x64.ActiveCfg = Debug|x64
		{0714323F-AC9A-452A-BA5D-B3E97F493221}.Debug|x64.Build.0 = Debug|x64
		{0714323F-AC9A-452A-BA5D-B3E97F493221}.Debug|x86.ActiveCfg = Debug|Win32
		{0714323F-AC9A-452A-BA5D-B3E97F493221}.Debug|x86.Build.0 = Debug|Win32
		{0714323F-AC9A-452A-BA5D-B3E97F493221}.Release|x64.ActiveCfg = Release|x64
		{0714323F-AC9A-452A-BA5D-B3E97F493221}.Release|x64.Build.0 = Release|x64
		{0714323F-AC9A-452A-BA5D-B3E97F493221}.Release|x86.ActiveCfg = Release|Win32
		{0714323F-AC9A-452A-BA5D-B3E97F493221}.Release|x86.Build.0 = Release|Win32
		{40B44338-F6BB-4CC7-81E5-F712C7148175}.Debug|x64.ActiveCfg = Debug|x64
		{40B44338-F6BB-4CC7-81E5-F712C7148175}.Debug|x64.Build.0 = Debug|x64
		{40B44338-F6BB-4CC7-81E5-F712C7148175}.Debug|x86.ActiveCfg = Debug|Win32
		{40B44338-F6BB-4CC7-81E5-F712C7148175}.Debug|x86.Build.0 = Debug|Win32
		{40B44338-F6BB-4CC7-81E5-F712C7148175}.Release|x64.ActiveCfg = Release|x64
		{40B44338-F6BB-4CC7-81E5-F712C7148175}.Release|x64.Build.0 = Release|x64
		{40B44338-F6BB-4CC7-81E5-F712C7148175}.Release|x86.ActiveCfg = Release|Win32
		{40B44338-F6BB-4CC7-81E5-F712C7148175}.Release|x86.Build.0 = Release|Win32
		{EE64B242-A6AA-4ECB-AA5B-6A891FF44F53}.Debug|x64.ActiveCfg = Debug|x64
		{EE64B242-A6AA-4ECB-AA5B-6A891FF44F53}.Debug|x64.Build.0 = Debug|x64
		{EE64B242-A6AA-4ECB-AA5B-6A891FF44F53}.Debug|x86.ActiveCfg = Debug|Win32
		{EE64B242-A6AA-4ECB-AA5B-6A891FF44F53}.Debug|x86.Build.0 = Debug|Win32
		{EE64B242-A6AA-4ECB-AA5B-6A891FF44F53}.Release|x64.ActiveCfg = Release|x64
		{EE64B242-A6AA-4ECB-AA5B-6A891FF44F53}.Release|x64.Build.0 = Release|x64
		{EE64B242-A6AA-4ECB-AA5B-6A891FF44F53}.Release|x86.ActiveCfg = Release|Win32
		{EE64B242-A6AA-4ECB-AA5B-6A891FF44F53}.Release|x86.Build.0 = Release|Win32
		{321E5578-63D0-486C-AD52-99E1FD9177FB}.Debug|x64.ActiveCfg = Debug|x64
		{321E5578-63D0-486C-AD52-99E1FD9177FB}.Debug|x64.Build.0 = Debug|x64
		{321E5578-63D0-486C-AD52-99E1FD9177FB}.Debug|x86.ActiveCfg = Debug|Win32
		{321E5578-63D0-486C-AD52-99E1FD9177FB}.Debug|x86.Build.0 = Debug|Win32
		{321E5578-63D0-486C-AD52-99E1FD9177FB}.Release|x64.ActiveCfg = Release|x64
		{321E5578-63D0-486C-AD52-99E1FD9177FB}.Release|x64.Build.0 = Release|x64
		{321E5578-63D0-486C-AD52-99E1FD9177FB}.Release|x86.ActiveCfg = Release|Win32
		{321E5578-63D0-486C-AD52-99E1FD9177FB}.Release|x86.Build.0 = Release|Win32
		{F566D731-802E-4B4F-AA7F-6586674C3CDD}.Debug|x64.ActiveCfg = Debug|x64
		{F566D731-802E-4B4F-AA7F-6586674C3CDD}.Debug|x64.Build.0 = Debug|x64
		{F566D731-802E-4B4F-AA7F-6586674C3CDD}.Debug|x86.ActiveCfg = Debug|Win32
		{F566D731-802E-4B4F-AA7F-6586674C3CDD}.Debug|x86.Build.0 = Debug|Win32
		{F566D731-802E-4B4F-AA7F-6586674C3CDD}.Release|x64.ActiveCfg = Release|x64
		{F566D731-802E-4B4F-AA7F-6586674C3CDD}.Release|x64.Build.0 = Release|x64
		{F566D731-802E-4B4F-AA7F-6586674C3CDD}.Release|x86.ActiveCfg = Release|Win32
		{F566D731-802E-4B4F-AA7F-6586674C3CDD}.Release|x86.Build.0 = Release|Win32
		{14FE15FE-A359-4C3F-B74B-494A4B50E9A9}.Debug|x64.ActiveCfg = Debug|x64
		{14FE15FE-A359-4C3F-B74B-494A4B50E9A9}.Debug|x64.Build.0 = Debug|x64
		{14FE15FE-A359-4C3F-B74B-494A4B50E9A9}.Debug|x86.ActiveCfg = Debug|Win32
		{14FE15FE-A359-4C3F-B74B-494A4B50E9A9}.Debug|x86.Build.0 = Debug|Win32
		{14FE15FE-A359-4C3F-B74B-494A4B50E9A9}.Release|x64.ActiveCfg = Release|x64
		{14FE15FE-A359-4C3F-B74B-494A4B50E9A9}.Release|x64.Build.0 = Release|x64
		{14FE15FE-A359-4C3F-B74B-494A4B50E9A9}.Release|x86.ActiveCfg = Release|Win32
		{14FE15FE-A359-4C3F-B74B-494A4B50E9A9}.Release|x86.Build.0 = Release|Win32
	EndGlobalSection
	GlobalSection(SolutionProperties) = preSolution
		HideSolutionNode = FALSE
	EndGlobalSection
	GlobalSection(ExtensibilityGlobals) = postSolution
		SolutionGuid = {E4AFFF0D-7D32-472A-BC93-6445DACB57DA}
	EndGlobalSection
EndGlobal
